
Microsoft Visual Studio Solution File, Format Version 12.00
# Visual Studio Version 16
VisualStudioVersion = 16.0.32002.261
MinimumVisualStudioVersion = 10.0.40219.1
Project("{FAE04EC0-301F-11D3-BF4B-00C04F79EFBC}") = "APIGestaoProdutos", "APIGestaoProdutos.csproj", "{4D1EAB60-F7A8-47ED-92AC-7A4CFEE59D85}"
EndProject
Global
	GlobalSection(SolutionConfigurationPlatforms) = preSolution
		Debug|Any CPU = Debug|Any CPU
		Release|Any CPU = Release|Any CPU
	EndGlobalSection
	GlobalSection(ProjectConfigurationPlatforms) = postSolution
		{4D1EAB60-F7A8-47ED-92AC-7A4CFEE59D85}.Debug|Any CPU.ActiveCfg = Debug|Any CPU
		{4D1EAB60-F7A8-47ED-92AC-7A4CFEE59D85}.Debug|Any CPU.Build.0 = Debug|Any CPU
		{4D1EAB60-F7A8-47ED-92AC-7A4CFEE59D85}.Release|Any CPU.ActiveCfg = Release|Any CPU
		{4D1EAB60-F7A8-47ED-92AC-7A4CFEE59D85}.Release|Any CPU.Build.0 = Release|Any CPU
	EndGlobalSection
	GlobalSection(SolutionProperties) = preSolution
		HideSolutionNode = FALSE
	EndGlobalSection
	GlobalSection(ExtensibilityGlobals) = postSolution
		SolutionGuid = {5DBBE836-A982-4983-8A02-CDF277DBFBE5}
	EndGlobalSection
EndGlobal
